
Microsoft Visual Studio Solution File, Format Version 12.00
# Visual Studio 15
VisualStudioVersion = 15.0.28010.2041
MinimumVisualStudioVersion = 10.0.40219.1
Project("{9A19103F-16F7-4668-BE54-9A1E7A4F7556}") = "IceDog.GenerateErrorCode", "src\IceDog.GenerateErrorCode\IceDog.GenerateErrorCode.csproj", "{1F07A1E5-BF99-4573-BE6A-8E51626C612F}"
EndProject
Global
	GlobalSection(SolutionConfigurationPlatforms) = preSolution
		Debug|Any CPU = Debug|Any CPU
		Release|Any CPU = Release|Any CPU
	EndGlobalSection
	GlobalSection(ProjectConfigurationPlatforms) = postSolution
		{1F07A1E5-BF99-4573-BE6A-8E51626C612F}.Debug|Any CPU.ActiveCfg = Debug|Any CPU
		{1F07A1E5-BF99-4573-BE6A-8E51626C612F}.Debug|Any CPU.Build.0 = Debug|Any CPU
		{1F07A1E5-BF99-4573-BE6A-8E51626C612F}.Release|Any CPU.ActiveCfg = Release|Any CPU
		{1F07A1E5-BF99-4573-BE6A-8E51626C612F}.Release|Any CPU.Build.0 = Release|Any CPU
	EndGlobalSection
	GlobalSection(SolutionProperties) = preSolution
		HideSolutionNode = FALSE
	EndGlobalSection
	GlobalSection(ExtensibilityGlobals) = postSolution
		SolutionGuid = {C85A5070-A6D5-4E2D-80B4-208BA295B78A}
	EndGlobalSection
EndGlobal
